
Microsoft Visual Studio Solution File, Format Version 12.00
# Visual Studio Version 16
VisualStudioVersion = 16.0.31624.102
MinimumVisualStudioVersion = 10.0.40219.1
Project("{2150E333-8FDC-42A3-9474-1A3956D46DE8}") = "ApiGateways", "ApiGateways", "{E6959ED2-662F-4558-9B30-F5F7E8C1CA0C}"
EndProject
Project("{FAE04EC0-301F-11D3-BF4B-00C04F79EFBC}") = "QingStack.Ocelot", "ApiGateways\QingStack.Ocelot\QingStack.Ocelot.csproj", "{7F90219B-4308-43EA-8A1D-BB122982E7BB}"
EndProject
Project("{2150E333-8FDC-42A3-9474-1A3956D46DE8}") = "BuildingBlocks", "BuildingBlocks", "{A91DF67E-25AE-4960-9D48-2CA7E11F0D52}"
EndProject
Project("{2150E333-8FDC-42A3-9474-1A3956D46DE8}") = "EventBus", "EventBus", "{9DE78193-F2BC-433C-AD83-7ED6594D58CA}"
EndProject
Project("{FAE04EC0-301F-11D3-BF4B-00C04F79EFBC}") = "QingStack.EventBus", "BuildingBlocks\EventBus\QingStack.EventBus\QingStack.EventBus.csproj", "{DB46D0D5-5174-44D3-A872-853F7829A1CF}"
EndProject
Project("{FAE04EC0-301F-11D3-BF4B-00C04F79EFBC}") = "QingStack.EventBus.RabbitMQ", "BuildingBlocks\EventBus\QingStack.EventBus.RabbitMQ\QingStack.EventBus.RabbitMQ.csproj", "{7030DA81-B514-4EE1-93DC-B7A061A0413C}"
EndProject
Project("{2150E333-8FDC-42A3-9474-1A3956D46DE8}") = "Services", "Services", "{523A0A44-15D1-4291-840F-5017DB1ADCE2}"
EndProject
Project("{2150E333-8FDC-42A3-9474-1A3956D46DE8}") = "DeviceCenter", "DeviceCenter", "{45549348-D766-4303-8766-0F542A31DA6C}"
EndProject
Project("{2150E333-8FDC-42A3-9474-1A3956D46DE8}") = "Identity", "Identity", "{737C5F87-9996-4469-9BCC-0786244BEC4D}"
EndProject
Project("{FAE04EC0-301F-11D3-BF4B-00C04F79EFBC}") = "QingStack.DeviceCenter.API", "Services\DeviceCenter\QingStack.DeviceCenter.API\QingStack.DeviceCenter.API.csproj", "{0E29F738-9ACC-4BC9-9FBB-F7B591F16641}"
EndProject
Project("{FAE04EC0-301F-11D3-BF4B-00C04F79EFBC}") = "QingStack.DeviceCenter.Infrastructure", "Services\DeviceCenter\QingStack.DeviceCenter.Infrastructure\QingStack.DeviceCenter.Infrastructure.csproj", "{EBEDF080-6751-4501-8D0D-7B461C80F73C}"
EndProject
Project("{FAE04EC0-301F-11D3-BF4B-00C04F79EFBC}") = "QingStack.DeviceCenter.Application", "Services\DeviceCenter\QingStack.DeviceCenter.Application\QingStack.DeviceCenter.Application.csproj", "{6EFC2680-EBBE-46CB-B8B6-69F97258557A}"
EndProject
Project("{FAE04EC0-301F-11D3-BF4B-00C04F79EFBC}") = "QingStack.DeviceCenter.Domain", "Services\DeviceCenter\QingStack.DeviceCenter.Domain\QingStack.DeviceCenter.Domain.csproj", "{44D76645-60B0-4481-8D8D-2373499C466B}"
EndProject
Project("{FAE04EC0-301F-11D3-BF4B-00C04F79EFBC}") = "QingStack.IdentityServer.API", "Services\Identity\QingStack.IdentityServer.API\QingStack.IdentityServer.API.csproj", "{80171427-2B6E-4E20-893C-5946C65BC97F}"
EndProject
Project("{2150E333-8FDC-42A3-9474-1A3956D46DE8}") = "Web", "Web", "{3BD23B2E-4445-4B7A-AA5C-29970D01CE03}"
EndProject
Project("{FAE04EC0-301F-11D3-BF4B-00C04F79EFBC}") = "QingStack.DeviceCenter.Web", "Web\QingStack.DeviceCenter.Web\QingStack.DeviceCenter.Web.csproj", "{F2FD5D16-C490-47F5-8662-2D4A2C1C0878}"
EndProject
Project("{2150E333-8FDC-42A3-9474-1A3956D46DE8}") = "Mobile", "Mobile", "{6AFD0DF6-8CEB-467B-B5FF-9CBC1D861782}"
EndProject
Project("{FAE04EC0-301F-11D3-BF4B-00C04F79EFBC}") = "QingStack.DeviceCenter.Wechat", "Mobile\QingStack.DeviceCenter.Wechat\QingStack.DeviceCenter.Wechat.csproj", "{4673803D-2F1A-4986-A528-57AB2A55F77A}"
EndProject
Project("{2150E333-8FDC-42A3-9474-1A3956D46DE8}") = "Tests", "Tests", "{38483CED-070A-4E76-A93A-9A1FCB1D4ECD}"
EndProject
Project("{FAE04EC0-301F-11D3-BF4B-00C04F79EFBC}") = "QingStack.UnitTests", "Tests\QingStack.UnitTests\QingStack.UnitTests.csproj", "{368A4EBD-6D9A-4DBC-B6FE-FA8E2A62D428}"
EndProject
Project("{FAE04EC0-301F-11D3-BF4B-00C04F79EFBC}") = "QingStack.IntegrationTests", "Tests\QingStack.IntegrationTests\QingStack.IntegrationTests.csproj", "{11F34799-E9F5-477E-B0BF-8C8CE0FC25D6}"
EndProject
Project("{FAE04EC0-301F-11D3-BF4B-00C04F79EFBC}") = "QingStack.FuncionalTests", "Tests\QingStack.FuncionalTests\QingStack.FuncionalTests.csproj", "{FC5E40E5-369F-4E50-B83E-C3A863E9EC09}"
EndProject
Global
	GlobalSection(SolutionConfigurationPlatforms) = preSolution
		Debug|Any CPU = Debug|Any CPU
		Release|Any CPU = Release|Any CPU
	EndGlobalSection
	GlobalSection(ProjectConfigurationPlatforms) = postSolution
		{7F90219B-4308-43EA-8A1D-BB122982E7BB}.Debug|Any CPU.ActiveCfg = Debug|Any CPU
		{7F90219B-4308-43EA-8A1D-BB122982E7BB}.Debug|Any CPU.Build.0 = Debug|Any CPU
		{7F90219B-4308-43EA-8A1D-BB122982E7BB}.Release|Any CPU.ActiveCfg = Release|Any CPU
		{7F90219B-4308-43EA-8A1D-BB122982E7BB}.Release|Any CPU.Build.0 = Release|Any CPU
		{DB46D0D5-5174-44D3-A872-853F7829A1CF}.Debug|Any CPU.ActiveCfg = Debug|Any CPU
		{DB46D0D5-5174-44D3-A872-853F7829A1CF}.Debug|Any CPU.Build.0 = Debug|Any CPU
		{DB46D0D5-5174-44D3-A872-853F7829A1CF}.Release|Any CPU.ActiveCfg = Release|Any CPU
		{DB46D0D5-5174-44D3-A872-853F7829A1CF}.Release|Any CPU.Build.0 = Release|Any CPU
		{7030DA81-B514-4EE1-93DC-B7A061A0413C}.Debug|Any CPU.ActiveCfg = Debug|Any CPU
		{7030DA81-B514-4EE1-93DC-B7A061A0413C}.Debug|Any CPU.Build.0 = Debug|Any CPU
		{7030DA81-B514-4EE1-93DC-B7A061A0413C}.Release|Any CPU.ActiveCfg = Release|Any CPU
		{7030DA81-B514-4EE1-93DC-B7A061A0413C}.Release|Any CPU.Build.0 = Release|Any CPU
		{0E29F738-9ACC-4BC9-9FBB-F7B591F16641}.Debug|Any CPU.ActiveCfg = Debug|Any CPU
		{0E29F738-9ACC-4BC9-9FBB-F7B591F16641}.Debug|Any CPU.Build.0 = Debug|Any CPU
		{0E29F738-9ACC-4BC9-9FBB-F7B591F16641}.Release|Any CPU.ActiveCfg = Release|Any CPU
		{0E29F738-9ACC-4BC9-9FBB-F7B591F16641}.Release|Any CPU.Build.0 = Release|Any CPU
		{EBEDF080-6751-4501-8D0D-7B461C80F73C}.Debug|Any CPU.ActiveCfg = Debug|Any CPU
		{EBEDF080-6751-4501-8D0D-7B461C80F73C}.Debug|Any CPU.Build.0 = Debug|Any CPU
		{EBEDF080-6751-4501-8D0D-7B461C80F73C}.Release|Any CPU.ActiveCfg = Release|Any CPU
		{EBEDF080-6751-4501-8D0D-7B461C80F73C}.Release|Any CPU.Build.0 = Release|Any CPU
		{6EFC2680-EBBE-46CB-B8B6-69F97258557A}.Debug|Any CPU.ActiveCfg = Debug|Any CPU
		{6EFC2680-EBBE-46CB-B8B6-69F97258557A}.Debug|Any CPU.Build.0 = Debug|Any CPU
		{6EFC2680-EBBE-46CB-B8B6-69F97258557A}.Release|Any CPU.ActiveCfg = Release|Any CPU
		{6EFC2680-EBBE-46CB-B8B6-69F97258557A}.Release|Any CPU.Build.0 = Release|Any CPU
		{44D76645-60B0-4481-8D8D-2373499C466B}.Debug|Any CPU.ActiveCfg = Debug|Any CPU
		{44D76645-60B0-4481-8D8D-2373499C466B}.Debug|Any CPU.Build.0 = Debug|Any CPU
		{44D76645-60B0-4481-8D8D-2373499C466B}.Release|Any CPU.ActiveCfg = Release|Any CPU
		{44D76645-60B0-4481-8D8D-2373499C466B}.Release|Any CPU.Build.0 = Release|Any CPU
		{80171427-2B6E-4E20-893C-5946C65BC97F}.Debug|Any CPU.ActiveCfg = Debug|Any CPU
		{80171427-2B6E-4E20-893C-5946C65BC97F}.Debug|Any CPU.Build.0 = Debug|Any CPU
		{80171427-2B6E-4E20-893C-5946C65BC97F}.Release|Any CPU.ActiveCfg = Release|Any CPU
		{80171427-2B6E-4E20-893C-5946C65BC97F}.Release|Any CPU.Build.0 = Release|Any CPU
		{F2FD5D16-C490-47F5-8662-2D4A2C1C0878}.Debug|Any CPU.ActiveCfg = Debug|Any CPU
		{F2FD5D16-C490-47F5-8662-2D4A2C1C0878}.Debug|Any CPU.Build.0 = Debug|Any CPU
		{F2FD5D16-C490-47F5-8662-2D4A2C1C0878}.Release|Any CPU.ActiveCfg = Release|Any CPU
		{F2FD5D16-C490-47F5-8662-2D4A2C1C0878}.Release|Any CPU.Build.0 = Release|Any CPU
		{4673803D-2F1A-4986-A528-57AB2A55F77A}.Debug|Any CPU.ActiveCfg = Debug|Any CPU
		{4673803D-2F1A-4986-A528-57AB2A55F77A}.Debug|Any CPU.Build.0 = Debug|Any CPU
		{4673803D-2F1A-4986-A528-57AB2A55F77A}.Release|Any CPU.ActiveCfg = Release|Any CPU
		{4673803D-2F1A-4986-A528-57AB2A55F77A}.Release|Any CPU.Build.0 = Release|Any CPU
		{368A4EBD-6D9A-4DBC-B6FE-FA8E2A62D428}.Debug|Any CPU.ActiveCfg = Debug|Any CPU
		{368A4EBD-6D9A-4DBC-B6FE-FA8E2A62D428}.Debug|Any CPU.Build.0 = Debug|Any CPU
		{368A4EBD-6D9A-4DBC-B6FE-FA8E2A62D428}.Release|Any CPU.ActiveCfg = Release|Any CPU
		{368A4EBD-6D9A-4DBC-B6FE-FA8E2A62D428}.Release|Any CPU.Build.0 = Release|Any CPU
		{11F34799-E9F5-477E-B0BF-8C8CE0FC25D6}.Debug|Any CPU.ActiveCfg = Debug|Any CPU
		{11F34799-E9F5-477E-B0BF-8C8CE0FC25D6}.Debug|Any CPU.Build.0 = Debug|Any CPU
		{11F34799-E9F5-477E-B0BF-8C8CE0FC25D6}.Release|Any CPU.ActiveCfg = Release|Any CPU
		{11F34799-E9F5-477E-B0BF-8C8CE0FC25D6}.Release|Any CPU.Build.0 = Release|Any CPU
		{FC5E40E5-369F-4E50-B83E-C3A863E9EC09}.Debug|Any CPU.ActiveCfg = Debug|Any CPU
		{FC5E40E5-369F-4E50-B83E-C3A863E9EC09}.Debug|Any CPU.Build.0 = Debug|Any CPU
		{FC5E40E5-369F-4E50-B83E-C3A863E9EC09}.Release|Any CPU.ActiveCfg = Release|Any CPU
		{FC5E40E5-369F-4E50-B83E-C3A863E9EC09}.Release|Any CPU.Build.0 = Release|Any CPU
	EndGlobalSection
	GlobalSection(SolutionProperties) = preSolution
		HideSolutionNode = FALSE
	EndGlobalSection
	GlobalSection(NestedProjects) = preSolution
		{7F90219B-4308-43EA-8A1D-BB122982E7BB} = {E6959ED2-662F-4558-9B30-F5F7E8C1CA0C}
		{9DE78193-F2BC-433C-AD83-7ED6594D58CA} = {A91DF67E-25AE-4960-9D48-2CA7E11F0D52}
		{DB46D0D5-5174-44D3-A872-853F7829A1CF} = {9DE78193-F2BC-433C-AD83-7ED6594D58CA}
		{7030DA81-B514-4EE1-93DC-B7A061A0413C} = {9DE78193-F2BC-433C-AD83-7ED6594D58CA}
		{45549348-D766-4303-8766-0F542A31DA6C} = {523A0A44-15D1-4291-840F-5017DB1ADCE2}
		{737C5F87-9996-4469-9BCC-0786244BEC4D} = {523A0A44-15D1-4291-840F-5017DB1ADCE2}
		{0E29F738-9ACC-4BC9-9FBB-F7B591F16641} = {45549348-D766-4303-8766-0F542A31DA6C}
		{EBEDF080-6751-4501-8D0D-7B461C80F73C} = {45549348-D766-4303-8766-0F542A31DA6C}
		{6EFC2680-EBBE-46CB-B8B6-69F97258557A} = {45549348-D766-4303-8766-0F542A31DA6C}
		{44D76645-60B0-4481-8D8D-2373499C466B} = {45549348-D766-4303-8766-0F542A31DA6C}
		{80171427-2B6E-4E20-893C-5946C65BC97F} = {737C5F87-9996-4469-9BCC-0786244BEC4D}
		{F2FD5D16-C490-47F5-8662-2D4A2C1C0878} = {3BD23B2E-4445-4B7A-AA5C-29970D01CE03}
		{4673803D-2F1A-4986-A528-57AB2A55F77A} = {6AFD0DF6-8CEB-467B-B5FF-9CBC1D861782}
		{368A4EBD-6D9A-4DBC-B6FE-FA8E2A62D428} = {38483CED-070A-4E76-A93A-9A1FCB1D4ECD}
		{11F34799-E9F5-477E-B0BF-8C8CE0FC25D6} = {38483CED-070A-4E76-A93A-9A1FCB1D4ECD}
		{FC5E40E5-369F-4E50-B83E-C3A863E9EC09} = {38483CED-070A-4E76-A93A-9A1FCB1D4ECD}
	EndGlobalSection
	GlobalSection(ExtensibilityGlobals) = postSolution
		SolutionGuid = {CFE0A60D-400E-433F-8AF3-6495647B1C50}
	EndGlobalSection
EndGlobal
